{
  "pins" : [
    {
      "identity" : "swift-argument-parser",
      "kind" : "remoteSourceControl",
      "location" : "https://github.com/apple/swift-argument-parser",
      "state" : {
        "revision" : "8f4d2753f0e4778c76d5f05ad16c74f707390531",
        "version" : "1.2.3"
      }
    },
    {
      "identity" : "swift-collections",
      "kind" : "remoteSourceControl",
      "location" : "https://github.com/apple/swift-collections",
      "state" : {
        "revision" : "a902f1823a7ff3c9ab2fba0f992396b948eda307",
        "version" : "1.0.5"
      }
    },
    {
      "identity" : "swift-dotnetmetadata",
      "kind" : "remoteSourceControl",
      "location" : "https://github.com/tristanlabelle/swift-dotnetmetadata",
      "state" : {
        "branch" : "main",
        "revision" : "b3cffa364adcc0785590f530dab60dfc754fc714"
      }
    }
  ],
  "version" : 2
}