{
  "pins" : [
    {
      "identity" : "swift-dotnetmd",
      "kind" : "remoteSourceControl",
      "location" : "https://github.com/tristanlabelle/swift-dotnetmd",
      "state" : {
        "branch" : "main",
        "revision" : "3843d9df9f471d04688f586f91b38a4b41f903b0"
      }
    }
  ],
  "version" : 2
}