{
  "pins" : [
    {
      "identity" : "swift-dotnetmd",
      "kind" : "remoteSourceControl",
      "location" : "https://github.com/tristanlabelle/swift-dotnetmd",
      "state" : {
        "branch" : "main",
        "revision" : "f71b4c40f7bf279fe960a0c96f308b1d9befc06f"
      }
    }
  ],
  "version" : 2
}